
Microsoft Visual Studio Solution File, Format Version 12.00
# Visual Studio 2012
Project("{FAE04EC0-301F-11D3-BF4B-00C04F79EFBC}") = "SharedHtmlWebView", "SharedHtmlWebView\SharedHtmlWebView.csproj", "{FDE30752-7980-4E4C-A497-969795BF039B}"
EndProject
Project("{FAE04EC0-301F-11D3-BF4B-00C04F79EFBC}") = "SharedHtmlWebView.iOS", "iOS\SharedHtmlWebView.iOS.csproj", "{5959EB3D-15AB-4F56-8040-A5B6FC896467}"
EndProject
Project("{FAE04EC0-301F-11D3-BF4B-00C04F79EFBC}") = "SharedHtmlWebView.Droid", "Droid\SharedHtmlWebView.Droid.csproj", "{30102D51-FC7A-4083-96C3-9B352294B3AB}"
EndProject
Global
	GlobalSection(SolutionConfigurationPlatforms) = preSolution
		Debug|Any CPU = Debug|Any CPU
		Release|Any CPU = Release|Any CPU
		Debug|iPhoneSimulator = Debug|iPhoneSimulator
		Release|iPhone = Release|iPhone
		Release|iPhoneSimulator = Release|iPhoneSimulator
		Debug|iPhone = Debug|iPhone
	EndGlobalSection
	GlobalSection(ProjectConfigurationPlatforms) = postSolution
		{FDE30752-7980-4E4C-A497-969795BF039B}.Debug|Any CPU.ActiveCfg = Debug|Any CPU
		{FDE30752-7980-4E4C-A497-969795BF039B}.Debug|Any CPU.Build.0 = Debug|Any CPU
		{FDE30752-7980-4E4C-A497-969795BF039B}.Release|Any CPU.ActiveCfg = Release|Any CPU
		{FDE30752-7980-4E4C-A497-969795BF039B}.Release|Any CPU.Build.0 = Release|Any CPU
		{FDE30752-7980-4E4C-A497-969795BF039B}.Debug|iPhoneSimulator.ActiveCfg = Debug|Any CPU
		{FDE30752-7980-4E4C-A497-969795BF039B}.Debug|iPhoneSimulator.Build.0 = Debug|Any CPU
		{FDE30752-7980-4E4C-A497-969795BF039B}.Release|iPhone.ActiveCfg = Release|Any CPU
		{FDE30752-7980-4E4C-A497-969795BF039B}.Release|iPhone.Build.0 = Release|Any CPU
		{FDE30752-7980-4E4C-A497-969795BF039B}.Release|iPhoneSimulator.ActiveCfg = Release|Any CPU
		{FDE30752-7980-4E4C-A497-969795BF039B}.Release|iPhoneSimulator.Build.0 = Release|Any CPU
		{FDE30752-7980-4E4C-A497-969795BF039B}.Debug|iPhone.ActiveCfg = Debug|Any CPU
		{FDE30752-7980-4E4C-A497-969795BF039B}.Debug|iPhone.Build.0 = Debug|Any CPU
		{5959EB3D-15AB-4F56-8040-A5B6FC896467}.Debug|Any CPU.ActiveCfg = Debug|iPhoneSimulator
		{5959EB3D-15AB-4F56-8040-A5B6FC896467}.Debug|Any CPU.Build.0 = Debug|iPhoneSimulator
		{5959EB3D-15AB-4F56-8040-A5B6FC896467}.Release|Any CPU.ActiveCfg = Release|iPhone
		{5959EB3D-15AB-4F56-8040-A5B6FC896467}.Release|Any CPU.Build.0 = Release|iPhone
		{5959EB3D-15AB-4F56-8040-A5B6FC896467}.Debug|iPhoneSimulator.ActiveCfg = Debug|iPhoneSimulator
		{5959EB3D-15AB-4F56-8040-A5B6FC896467}.Debug|iPhoneSimulator.Build.0 = Debug|iPhoneSimulator
		{5959EB3D-15AB-4F56-8040-A5B6FC896467}.Release|iPhone.ActiveCfg = Release|iPhone
		{5959EB3D-15AB-4F56-8040-A5B6FC896467}.Release|iPhone.Build.0 = Release|iPhone
		{5959EB3D-15AB-4F56-8040-A5B6FC896467}.Release|iPhoneSimulator.ActiveCfg = Release|iPhoneSimulator
		{5959EB3D-15AB-4F56-8040-A5B6FC896467}.Release|iPhoneSimulator.Build.0 = Release|iPhoneSimulator
		{5959EB3D-15AB-4F56-8040-A5B6FC896467}.Debug|iPhone.ActiveCfg = Debug|iPhone
		{5959EB3D-15AB-4F56-8040-A5B6FC896467}.Debug|iPhone.Build.0 = Debug|iPhone
		{30102D51-FC7A-4083-96C3-9B352294B3AB}.Debug|Any CPU.ActiveCfg = Debug|Any CPU
		{30102D51-FC7A-4083-96C3-9B352294B3AB}.Debug|Any CPU.Build.0 = Debug|Any CPU
		{30102D51-FC7A-4083-96C3-9B352294B3AB}.Release|Any CPU.ActiveCfg = Release|Any CPU
		{30102D51-FC7A-4083-96C3-9B352294B3AB}.Release|Any CPU.Build.0 = Release|Any CPU
		{30102D51-FC7A-4083-96C3-9B352294B3AB}.Debug|iPhoneSimulator.ActiveCfg = Debug|Any CPU
		{30102D51-FC7A-4083-96C3-9B352294B3AB}.Debug|iPhoneSimulator.Build.0 = Debug|Any CPU
		{30102D51-FC7A-4083-96C3-9B352294B3AB}.Release|iPhone.ActiveCfg = Release|Any CPU
		{30102D51-FC7A-4083-96C3-9B352294B3AB}.Release|iPhone.Build.0 = Release|Any CPU
		{30102D51-FC7A-4083-96C3-9B352294B3AB}.Release|iPhoneSimulator.ActiveCfg = Release|Any CPU
		{30102D51-FC7A-4083-96C3-9B352294B3AB}.Release|iPhoneSimulator.Build.0 = Release|Any CPU
		{30102D51-FC7A-4083-96C3-9B352294B3AB}.Debug|iPhone.ActiveCfg = Debug|Any CPU
		{30102D51-FC7A-4083-96C3-9B352294B3AB}.Debug|iPhone.Build.0 = Debug|Any CPU
	EndGlobalSection
EndGlobal
